
Microsoft Visual Studio Solution File, Format Version 12.00
# Visual Studio Version 17
VisualStudioVersion = 17.5.33424.131
MinimumVisualStudioVersion = 10.0.40219.1
Project("{FAE04EC0-301F-11D3-BF4B-00C04F79EFBC}") = "NT-TECH", "NT-TECH\NT-TECH.csproj", "{62B6A620-EE77-4ECA-8893-F4050BF5D793}"
EndProject
Project("{FAE04EC0-301F-11D3-BF4B-00C04F79EFBC}") = "ProjectTesterNT", "ProjectTesterNT\ProjectTesterNT.csproj", "{7CA7E354-BFEF-4F73-97C5-58FC3AE17335}"
EndProject
Global
	GlobalSection(SolutionConfigurationPlatforms) = preSolution
		Debug|Any CPU = Debug|Any CPU
		Release|Any CPU = Release|Any CPU
	EndGlobalSection
	GlobalSection(ProjectConfigurationPlatforms) = postSolution
		{62B6A620-EE77-4ECA-8893-F4050BF5D793}.Debug|Any CPU.ActiveCfg = Debug|Any CPU
		{62B6A620-EE77-4ECA-8893-F4050BF5D793}.Debug|Any CPU.Build.0 = Debug|Any CPU
		{62B6A620-EE77-4ECA-8893-F4050BF5D793}.Release|Any CPU.ActiveCfg = Release|Any CPU
		{62B6A620-EE77-4ECA-8893-F4050BF5D793}.Release|Any CPU.Build.0 = Release|Any CPU
		{7CA7E354-BFEF-4F73-97C5-58FC3AE17335}.Debug|Any CPU.ActiveCfg = Debug|Any CPU
		{7CA7E354-BFEF-4F73-97C5-58FC3AE17335}.Debug|Any CPU.Build.0 = Debug|Any CPU
		{7CA7E354-BFEF-4F73-97C5-58FC3AE17335}.Release|Any CPU.ActiveCfg = Release|Any CPU
		{7CA7E354-BFEF-4F73-97C5-58FC3AE17335}.Release|Any CPU.Build.0 = Release|Any CPU
	EndGlobalSection
	GlobalSection(SolutionProperties) = preSolution
		HideSolutionNode = FALSE
	EndGlobalSection
	GlobalSection(ExtensibilityGlobals) = postSolution
		SolutionGuid = {C5BBCC34-C87E-4606-BA06-D4427DFDA11C}
	EndGlobalSection
EndGlobal
